Microsoft Visual Studio Solution File, Format Version 12.00
# Visual Studio Version 17
VisualStudioVersion = 17.0.31815.197
MinimumVisualStudioVersion = 10.0.40219.1
Project("{2150E333-8FDC-42A3-9474-1A3956D46DE8}") = "Solution Items", "Solution Items", "{5A6AA30D-5371-4431-9299-D8F793536DEC}"
	ProjectSection(SolutionItems) = preProject
		.editorconfig = .editorconfig
		Directory.Build.props = Directory.Build.props
		Directory.Packages.props = Directory.Packages.props
		README.md = README.md
		TODO.md = TODO.md
	EndProjectSection
EndProject
Project("{9A19103F-16F7-4668-BE54-9A1E7A4F7556}") = "MonoDevelop.Xml.Core", "MonoDevelop.Xml\Core\MonoDevelop.Xml.Core.csproj", "{87DE05FC-4B18-4C21-8AA5-237CB5B97780}"
EndProject
Project("{9A19103F-16F7-4668-BE54-9A1E7A4F7556}") = "MonoDevelop.MSBuild", "MonoDevelop.MSBuild\MonoDevelop.MSBuild.csproj", "{E30D9BF7-2840-4274-A8A6-58D34295C6C8}"
EndProject
Project("{9A19103F-16F7-4668-BE54-9A1E7A4F7556}") = "MonoDevelop.MSBuild.Tests", "MonoDevelop.MSBuild.Tests\MonoDevelop.MSBuild.Tests.csproj", "{6F309F85-A9C2-4DEB-B96C-6BC9C21917D1}"
EndProject
Project("{9A19103F-16F7-4668-BE54-9A1E7A4F7556}") = "MonoDevelop.Xml.Editor", "MonoDevelop.Xml\Editor\MonoDevelop.Xml.Editor.csproj", "{563FFDF7-0739-42DF-B987-B804A26D1E0B}"
EndProject
Project("{9A19103F-16F7-4668-BE54-9A1E7A4F7556}") = "MonoDevelop.MSBuild.Editor", "MonoDevelop.MSBuild.Editor\MonoDevelop.MSBuild.Editor.csproj", "{17E0FE72-B6D9-4187-BD80-D8A27BC74533}"
EndProject
Project("{9A19103F-16F7-4668-BE54-9A1E7A4F7556}") = "MonoDevelop.MSBuild.Editor.VisualStudio", "MonoDevelop.MSBuild.Editor.VisualStudio\MonoDevelop.MSBuild.Editor.VisualStudio.csproj", "{6D7BB05D-5C0A-4A4E-A177-43F5AF67DF5E}"
EndProject
Project("{9A19103F-16F7-4668-BE54-9A1E7A4F7556}") = "Microsoft.VisualStudio.MiniEditor", "MonoDevelop.Xml\external\MiniEditor\Microsoft.VisualStudio.MiniEditor\Microsoft.VisualStudio.MiniEditor.csproj", "{BE0CC91A-31C5-4C0D-B2E4-E8D781DCD912}"
EndProject
Project("{9A19103F-16F7-4668-BE54-9A1E7A4F7556}") = "MonoDevelop.MSBuild.Tests.Editor", "MonoDevelop.MSBuild.Tests.Editor\MonoDevelop.MSBuild.Tests.Editor.csproj", "{9ADE035C-CBF3-4FE3-B01F-D6844FADCAD3}"
EndProject
Project("{9A19103F-16F7-4668-BE54-9A1E7A4F7556}") = "MonoDevelop.Xml.Core.Tests", "MonoDevelop.Xml\Core.Tests\MonoDevelop.Xml.Core.Tests.csproj", "{0B54E9C0-AADE-4515-B731-D244586D6BD1}"
EndProject
Project("{9A19103F-16F7-4668-BE54-9A1E7A4F7556}") = "MonoDevelop.Xml.Editor.Tests", "MonoDevelop.Xml\Editor.Tests\MonoDevelop.Xml.Editor.Tests.csproj", "{BF75E67F-34E4-412C-B886-E4251366EE57}"
EndProject
Project("{2150E333-8FDC-42A3-9474-1A3956D46DE8}") = "MonoDevelop.Xml", "MonoDevelop.Xml", "{442FCBDB-C87E-4BA4-BA76-463F7877570F}"
	ProjectSection(SolutionItems) = preProject
		MonoDevelop.Xml\Directory.Build.props = MonoDevelop.Xml\Directory.Build.props
		MonoDevelop.Xml\Directory.Packages.props = MonoDevelop.Xml\Directory.Packages.props
	EndProjectSection
EndProject
Project("{9A19103F-16F7-4668-BE54-9A1E7A4F7556}") = "XsdSchemaImporter", "XsdSchemaImporter\XsdSchemaImporter.csproj", "{36BACB3E-74B0-45D8-9C48-178BB9549BF1}"
EndProject
Project("{2150E333-8FDC-42A3-9474-1A3956D46DE8}") = "MiniEditor", "MiniEditor", "{7D15BAC9-838F-4908-B9DB-CDFDF5AF66D2}"
	ProjectSection(SolutionItems) = preProject
		MonoDevelop.Xml\external\MiniEditor\Directory.Build.props = MonoDevelop.Xml\external\MiniEditor\Directory.Build.props
		MonoDevelop.Xml\external\MiniEditor\Directory.Packages.props = MonoDevelop.Xml\external\MiniEditor\Directory.Packages.props
	EndProjectSection
EndProject
Global
	GlobalSection(SolutionConfigurationPlatforms) = preSolution
		Debug|Any CPU = Debug|Any CPU
		DebugMac|Any CPU = DebugMac|Any CPU
		Release|Any CPU = Release|Any CPU
		ReleaseMac|Any CPU = ReleaseMac|Any CPU
	EndGlobalSection
	GlobalSection(ProjectConfigurationPlatforms) = postSolution
		{87DE05FC-4B18-4C21-8AA5-237CB5B97780}.Debug|Any CPU.ActiveCfg = Debug|Any CPU
		{87DE05FC-4B18-4C21-8AA5-237CB5B97780}.Debug|Any CPU.Build.0 = Debug|Any CPU
		{87DE05FC-4B18-4C21-8AA5-237CB5B97780}.DebugMac|Any CPU.ActiveCfg = Debug|Any CPU
		{87DE05FC-4B18-4C21-8AA5-237CB5B97780}.DebugMac|Any CPU.Build.0 = Debug|Any CPU
		{87DE05FC-4B18-4C21-8AA5-237CB5B97780}.Release|Any CPU.ActiveCfg = Release|Any CPU
		{87DE05FC-4B18-4C21-8AA5-237CB5B97780}.Release|Any CPU.Build.0 = Release|Any CPU
		{87DE05FC-4B18-4C21-8AA5-237CB5B97780}.ReleaseMac|Any CPU.ActiveCfg = Release|Any CPU
		{87DE05FC-4B18-4C21-8AA5-237CB5B97780}.ReleaseMac|Any CPU.Build.0 = Release|Any CPU
		{E30D9BF7-2840-4274-A8A6-58D34295C6C8}.Debug|Any CPU.ActiveCfg = Debug|Any CPU
		{E30D9BF7-2840-4274-A8A6-58D34295C6C8}.Debug|Any CPU.Build.0 = Debug|Any CPU
		{E30D9BF7-2840-4274-A8A6-58D34295C6C8}.DebugMac|Any CPU.ActiveCfg = Debug|Any CPU
		{E30D9BF7-2840-4274-A8A6-58D34295C6C8}.DebugMac|Any CPU.Build.0 = Debug|Any CPU
		{E30D9BF7-2840-4274-A8A6-58D34295C6C8}.Release|Any CPU.ActiveCfg = Release|Any CPU
		{E30D9BF7-2840-4274-A8A6-58D34295C6C8}.Release|Any CPU.Build.0 = Release|Any CPU
		{E30D9BF7-2840-4274-A8A6-58D34295C6C8}.ReleaseMac|Any CPU.ActiveCfg = Release|Any CPU
		{E30D9BF7-2840-4274-A8A6-58D34295C6C8}.ReleaseMac|Any CPU.Build.0 = Release|Any CPU
		{6F309F85-A9C2-4DEB-B96C-6BC9C21917D1}.Debug|Any CPU.ActiveCfg = Debug|Any CPU
		{6F309F85-A9C2-4DEB-B96C-6BC9C21917D1}.Debug|Any CPU.Build.0 = Debug|Any CPU
		{6F309F85-A9C2-4DEB-B96C-6BC9C21917D1}.DebugMac|Any CPU.ActiveCfg = Debug|Any CPU
		{6F309F85-A9C2-4DEB-B96C-6BC9C21917D1}.DebugMac|Any CPU.Build.0 = Debug|Any CPU
		{6F309F85-A9C2-4DEB-B96C-6BC9C21917D1}.Release|Any CPU.ActiveCfg = Release|Any CPU
		{6F309F85-A9C2-4DEB-B96C-6BC9C21917D1}.Release|Any CPU.Build.0 = Release|Any CPU
		{6F309F85-A9C2-4DEB-B96C-6BC9C21917D1}.ReleaseMac|Any CPU.ActiveCfg = Release|Any CPU
		{6F309F85-A9C2-4DEB-B96C-6BC9C21917D1}.ReleaseMac|Any CPU.Build.0 = Release|Any CPU
		{563FFDF7-0739-42DF-B987-B804A26D1E0B}.Debug|Any CPU.ActiveCfg = Debug|Any CPU
		{563FFDF7-0739-42DF-B987-B804A26D1E0B}.Debug|Any CPU.Build.0 = Debug|Any CPU
		{563FFDF7-0739-42DF-B987-B804A26D1E0B}.DebugMac|Any CPU.ActiveCfg = Debug|Any CPU
		{563FFDF7-0739-42DF-B987-B804A26D1E0B}.DebugMac|Any CPU.Build.0 = Debug|Any CPU
		{563FFDF7-0739-42DF-B987-B804A26D1E0B}.Release|Any CPU.ActiveCfg = Release|Any CPU
		{563FFDF7-0739-42DF-B987-B804A26D1E0B}.Release|Any CPU.Build.0 = Release|Any CPU
		{563FFDF7-0739-42DF-B987-B804A26D1E0B}.ReleaseMac|Any CPU.ActiveCfg = Release|Any CPU
		{563FFDF7-0739-42DF-B987-B804A26D1E0B}.ReleaseMac|Any CPU.Build.0 = Release|Any CPU
		{17E0FE72-B6D9-4187-BD80-D8A27BC74533}.Debug|Any CPU.ActiveCfg = Debug|Any CPU
		{17E0FE72-B6D9-4187-BD80-D8A27BC74533}.Debug|Any CPU.Build.0 = Debug|Any CPU
		{17E0FE72-B6D9-4187-BD80-D8A27BC74533}.DebugMac|Any CPU.ActiveCfg = Debug|Any CPU
		{17E0FE72-B6D9-4187-BD80-D8A27BC74533}.DebugMac|Any CPU.Build.0 = Debug|Any CPU
		{17E0FE72-B6D9-4187-BD80-D8A27BC74533}.Release|Any CPU.ActiveCfg = Release|Any CPU
		{17E0FE72-B6D9-4187-BD80-D8A27BC74533}.Release|Any CPU.Build.0 = Release|Any CPU
		{17E0FE72-B6D9-4187-BD80-D8A27BC74533}.ReleaseMac|Any CPU.ActiveCfg = Release|Any CPU
		{17E0FE72-B6D9-4187-BD80-D8A27BC74533}.ReleaseMac|Any CPU.Build.0 = Release|Any CPU
		{6D7BB05D-5C0A-4A4E-A177-43F5AF67DF5E}.Debug|Any CPU.ActiveCfg = Debug|Any CPU
		{6D7BB05D-5C0A-4A4E-A177-43F5AF67DF5E}.Debug|Any CPU.Build.0 = Debug|Any CPU
		{6D7BB05D-5C0A-4A4E-A177-43F5AF67DF5E}.DebugMac|Any CPU.ActiveCfg = Debug|Any CPU
		{6D7BB05D-5C0A-4A4E-A177-43F5AF67DF5E}.Release|Any CPU.ActiveCfg = Release|Any CPU
		{6D7BB05D-5C0A-4A4E-A177-43F5AF67DF5E}.Release|Any CPU.Build.0 = Release|Any CPU
		{6D7BB05D-5C0A-4A4E-A177-43F5AF67DF5E}.ReleaseMac|Any CPU.ActiveCfg = Release|Any CPU
		{BE0CC91A-31C5-4C0D-B2E4-E8D781DCD912}.Debug|Any CPU.ActiveCfg = Debug|Any CPU
		{BE0CC91A-31C5-4C0D-B2E4-E8D781DCD912}.Debug|Any CPU.Build.0 = Debug|Any CPU
		{BE0CC91A-31C5-4C0D-B2E4-E8D781DCD912}.DebugMac|Any CPU.ActiveCfg = Debug|Any CPU
		{BE0CC91A-31C5-4C0D-B2E4-E8D781DCD912}.DebugMac|Any CPU.Build.0 = Debug|Any CPU
		{BE0CC91A-31C5-4C0D-B2E4-E8D781DCD912}.Release|Any CPU.ActiveCfg = Release|Any CPU
		{BE0CC91A-31C5-4C0D-B2E4-E8D781DCD912}.Release|Any CPU.Build.0 = Release|Any CPU
		{BE0CC91A-31C5-4C0D-B2E4-E8D781DCD912}.ReleaseMac|Any CPU.ActiveCfg = Release|Any CPU
		{BE0CC91A-31C5-4C0D-B2E4-E8D781DCD912}.ReleaseMac|Any CPU.Build.0 = Release|Any CPU
		{9ADE035C-CBF3-4FE3-B01F-D6844FADCAD3}.Debug|Any CPU.ActiveCfg = Debug|Any CPU
		{9ADE035C-CBF3-4FE3-B01F-D6844FADCAD3}.Debug|Any CPU.Build.0 = Debug|Any CPU
		{9ADE035C-CBF3-4FE3-B01F-D6844FADCAD3}.DebugMac|Any CPU.ActiveCfg = Debug|Any CPU
		{9ADE035C-CBF3-4FE3-B01F-D6844FADCAD3}.DebugMac|Any CPU.Build.0 = Debug|Any CPU
		{9ADE035C-CBF3-4FE3-B01F-D6844FADCAD3}.Release|Any CPU.ActiveCfg = Release|Any CPU
		{9ADE035C-CBF3-4FE3-B01F-D6844FADCAD3}.Release|Any CPU.Build.0 = Release|Any CPU
		{9ADE035C-CBF3-4FE3-B01F-D6844FADCAD3}.ReleaseMac|Any CPU.ActiveCfg = Release|Any CPU
		{9ADE035C-CBF3-4FE3-B01F-D6844FADCAD3}.ReleaseMac|Any CPU.Build.0 = Release|Any CPU
		{0B54E9C0-AADE-4515-B731-D244586D6BD1}.Debug|Any CPU.ActiveCfg = Debug|Any CPU
		{0B54E9C0-AADE-4515-B731-D244586D6BD1}.Debug|Any CPU.Build.0 = Debug|Any CPU
		{0B54E9C0-AADE-4515-B731-D244586D6BD1}.DebugMac|Any CPU.ActiveCfg = Debug|Any CPU
		{0B54E9C0-AADE-4515-B731-D244586D6BD1}.DebugMac|Any CPU.Build.0 = Debug|Any CPU
		{0B54E9C0-AADE-4515-B731-D244586D6BD1}.Release|Any CPU.ActiveCfg = Release|Any CPU
		{0B54E9C0-AADE-4515-B731-D244586D6BD1}.Release|Any CPU.Build.0 = Release|Any CPU
		{0B54E9C0-AADE-4515-B731-D244586D6BD1}.ReleaseMac|Any CPU.ActiveCfg = Release|Any CPU
		{0B54E9C0-AADE-4515-B731-D244586D6BD1}.ReleaseMac|Any CPU.Build.0 = Release|Any CPU
		{BF75E67F-34E4-412C-B886-E4251366EE57}.Debug|Any CPU.ActiveCfg = Debug|Any CPU
		{BF75E67F-34E4-412C-B886-E4251366EE57}.Debug|Any CPU.Build.0 = Debug|Any CPU
		{BF75E67F-34E4-412C-B886-E4251366EE57}.DebugMac|Any CPU.ActiveCfg = Debug|Any CPU
		{BF75E67F-34E4-412C-B886-E4251366EE57}.DebugMac|Any CPU.Build.0 = Debug|Any CPU
		{BF75E67F-34E4-412C-B886-E4251366EE57}.Release|Any CPU.ActiveCfg = Release|Any CPU
		{BF75E67F-34E4-412C-B886-E4251366EE57}.Release|Any CPU.Build.0 = Release|Any CPU
		{BF75E67F-34E4-412C-B886-E4251366EE57}.ReleaseMac|Any CPU.ActiveCfg = Release|Any CPU
		{BF75E67F-34E4-412C-B886-E4251366EE57}.ReleaseMac|Any CPU.Build.0 = Release|Any CPU
		{36BACB3E-74B0-45D8-9C48-178BB9549BF1}.Debug|Any CPU.ActiveCfg = Debug|Any CPU
		{36BACB3E-74B0-45D8-9C48-178BB9549BF1}.Debug|Any CPU.Build.0 = Debug|Any CPU
		{36BACB3E-74B0-45D8-9C48-178BB9549BF1}.DebugMac|Any CPU.ActiveCfg = Debug|Any CPU
		{36BACB3E-74B0-45D8-9C48-178BB9549BF1}.DebugMac|Any CPU.Build.0 = Debug|Any CPU
		{36BACB3E-74B0-45D8-9C48-178BB9549BF1}.Release|Any CPU.ActiveCfg = Release|Any CPU
		{36BACB3E-74B0-45D8-9C48-178BB9549BF1}.Release|Any CPU.Build.0 = Release|Any CPU
		{36BACB3E-74B0-45D8-9C48-178BB9549BF1}.ReleaseMac|Any CPU.ActiveCfg = Release|Any CPU
		{36BACB3E-74B0-45D8-9C48-178BB9549BF1}.ReleaseMac|Any CPU.Build.0 = Release|Any CPU
	EndGlobalSection
	GlobalSection(SolutionProperties) = preSolution
		HideSolutionNode = FALSE
	EndGlobalSection
	GlobalSection(NestedProjects) = preSolution
		{7D15BAC9-838F-4908-B9DB-CDFDF5AF66D2} = {442FCBDB-C87E-4BA4-BA76-463F7877570F}
		{87DE05FC-4B18-4C21-8AA5-237CB5B97780} = {442FCBDB-C87E-4BA4-BA76-463F7877570F}
		{563FFDF7-0739-42DF-B987-B804A26D1E0B} = {442FCBDB-C87E-4BA4-BA76-463F7877570F}
		{BE0CC91A-31C5-4C0D-B2E4-E8D781DCD912} = {7D15BAC9-838F-4908-B9DB-CDFDF5AF66D2}
		{0B54E9C0-AADE-4515-B731-D244586D6BD1} = {442FCBDB-C87E-4BA4-BA76-463F7877570F}
		{BF75E67F-34E4-412C-B886-E4251366EE57} = {442FCBDB-C87E-4BA4-BA76-463F7877570F}
	EndGlobalSection
	GlobalSection(ExtensibilityGlobals) = postSolution
		SolutionGuid = {7D111E12-470F-4E1D-9A39-DB2611E338C7}
	EndGlobalSection
	GlobalSection(MonoDevelopProperties) = preSolution
		Policies = $0
		$0.TextStylePolicy = $3
	EndGlobalSection
EndGlobal
